
Microsoft Visual Studio Solution File, Format Version 12.00
# Visual Studio 15
VisualStudioVersion = 15.7.27703.2035
MinimumVisualStudioVersion = 10.0.40219.1
Project("{FAE04EC0-301F-11D3-BF4B-00C04F79EFBC}") = "SubscriptionSample", "SubscriptionSample\SubscriptionSample.csproj", "{13A45C13-3265-47B8-BC48-A553B569DF55}"
EndProject
Project("{FAE04EC0-301F-11D3-BF4B-00C04F79EFBC}") = "Assembly-CSharp", "C:\Users\asrikan\UnityProjects\SubscriptionSample\App\GeneratedProjects\UWP\Assembly-CSharp\Assembly-CSharp.csproj", "{5CA69775-9E6C-4EE9-BB42-23E44843A528}"
EndProject
Global
	GlobalSection(SolutionConfigurationPlatforms) = preSolution
		Debug|ARM = Debug|ARM
		Debug|x64 = Debug|x64
		Debug|x86 = Debug|x86
		Master|ARM = Master|ARM
		Master|x64 = Master|x64
		Master|x86 = Master|x86
		Release|ARM = Release|ARM
		Release|x64 = Release|x64
		Release|x86 = Release|x86
	EndGlobalSection
	GlobalSection(ProjectConfigurationPlatforms) = postSolution
		{13A45C13-3265-47B8-BC48-A553B569DF55}.Debug|ARM.ActiveCfg = Debug|ARM
		{13A45C13-3265-47B8-BC48-A553B569DF55}.Debug|ARM.Build.0 = Debug|ARM
		{13A45C13-3265-47B8-BC48-A553B569DF55}.Debug|ARM.Deploy.0 = Debug|ARM
		{13A45C13-3265-47B8-BC48-A553B569DF55}.Debug|x64.ActiveCfg = Debug|x64
		{13A45C13-3265-47B8-BC48-A553B569DF55}.Debug|x64.Build.0 = Debug|x64
		{13A45C13-3265-47B8-BC48-A553B569DF55}.Debug|x64.Deploy.0 = Debug|x64
		{13A45C13-3265-47B8-BC48-A553B569DF55}.Debug|x86.ActiveCfg = Debug|x86
		{13A45C13-3265-47B8-BC48-A553B569DF55}.Debug|x86.Build.0 = Debug|x86
		{13A45C13-3265-47B8-BC48-A553B569DF55}.Debug|x86.Deploy.0 = Debug|x86
		{13A45C13-3265-47B8-BC48-A553B569DF55}.Master|ARM.ActiveCfg = Master|ARM
		{13A45C13-3265-47B8-BC48-A553B569DF55}.Master|ARM.Build.0 = Master|ARM
		{13A45C13-3265-47B8-BC48-A553B569DF55}.Master|ARM.Deploy.0 = Master|ARM
		{13A45C13-3265-47B8-BC48-A553B569DF55}.Master|x64.ActiveCfg = Master|x64
		{13A45C13-3265-47B8-BC48-A553B569DF55}.Master|x64.Build.0 = Master|x64
		{13A45C13-3265-47B8-BC48-A553B569DF55}.Master|x64.Deploy.0 = Master|x64
		{13A45C13-3265-47B8-BC48-A553B569DF55}.Master|x86.ActiveCfg = Master|x86
		{13A45C13-3265-47B8-BC48-A553B569DF55}.Master|x86.Build.0 = Master|x86
		{13A45C13-3265-47B8-BC48-A553B569DF55}.Master|x86.Deploy.0 = Master|x86
		{13A45C13-3265-47B8-BC48-A553B569DF55}.Release|ARM.ActiveCfg = Release|ARM
		{13A45C13-3265-47B8-BC48-A553B569DF55}.Release|ARM.Build.0 = Release|ARM
		{13A45C13-3265-47B8-BC48-A553B569DF55}.Release|ARM.Deploy.0 = Release|ARM
		{13A45C13-3265-47B8-BC48-A553B569DF55}.Release|x64.ActiveCfg = Release|x64
		{13A45C13-3265-47B8-BC48-A553B569DF55}.Release|x64.Build.0 = Release|x64
		{13A45C13-3265-47B8-BC48-A553B569DF55}.Release|x64.Deploy.0 = Release|x64
		{13A45C13-3265-47B8-BC48-A553B569DF55}.Release|x86.ActiveCfg = Release|x86
		{13A45C13-3265-47B8-BC48-A553B569DF55}.Release|x86.Build.0 = Release|x86
		{13A45C13-3265-47B8-BC48-A553B569DF55}.Release|x86.Deploy.0 = Release|x86
		{5CA69775-9E6C-4EE9-BB42-23E44843A528}.Debug|ARM.ActiveCfg = Debug|ARM
		{5CA69775-9E6C-4EE9-BB42-23E44843A528}.Debug|ARM.Build.0 = Debug|ARM
		{5CA69775-9E6C-4EE9-BB42-23E44843A528}.Debug|x64.ActiveCfg = Debug|x64
		{5CA69775-9E6C-4EE9-BB42-23E44843A528}.Debug|x64.Build.0 = Debug|x64
		{5CA69775-9E6C-4EE9-BB42-23E44843A528}.Debug|x86.ActiveCfg = Debug|x86
		{5CA69775-9E6C-4EE9-BB42-23E44843A528}.Debug|x86.Build.0 = Debug|x86
		{5CA69775-9E6C-4EE9-BB42-23E44843A528}.Master|ARM.ActiveCfg = Master|ARM
		{5CA69775-9E6C-4EE9-BB42-23E44843A528}.Master|ARM.Build.0 = Master|ARM
		{5CA69775-9E6C-4EE9-BB42-23E44843A528}.Master|x64.ActiveCfg = Master|x64
		{5CA69775-9E6C-4EE9-BB42-23E44843A528}.Master|x64.Build.0 = Master|x64
		{5CA69775-9E6C-4EE9-BB42-23E44843A528}.Master|x86.ActiveCfg = Master|x86
		{5CA69775-9E6C-4EE9-BB42-23E44843A528}.Master|x86.Build.0 = Master|x86
		{5CA69775-9E6C-4EE9-BB42-23E44843A528}.Release|ARM.ActiveCfg = Release|ARM
		{5CA69775-9E6C-4EE9-BB42-23E44843A528}.Release|ARM.Build.0 = Release|ARM
		{5CA69775-9E6C-4EE9-BB42-23E44843A528}.Release|x64.ActiveCfg = Release|x64
		{5CA69775-9E6C-4EE9-BB42-23E44843A528}.Release|x64.Build.0 = Release|x64
		{5CA69775-9E6C-4EE9-BB42-23E44843A528}.Release|x86.ActiveCfg = Release|x86
		{5CA69775-9E6C-4EE9-BB42-23E44843A528}.Release|x86.Build.0 = Release|x86
	EndGlobalSection
	GlobalSection(SolutionProperties) = preSolution
		HideSolutionNode = FALSE
	EndGlobalSection
	GlobalSection(ExtensibilityGlobals) = postSolution
		SolutionGuid = {0F0E36DC-93DF-4A43-99A2-B640E0A3F4C3}
	EndGlobalSection
EndGlobal
